
Microsoft Visual Studio Solution File, Format Version 12.00
# Visual Studio 15
VisualStudioVersion = 15.0.27428.2043
MinimumVisualStudioVersion = 10.0.40219.1
Project("{FAE04EC0-301F-11D3-BF4B-00C04F79EFBC}") = "ModelEntities", "ModelEntities\ModelEntities.csproj", "{B5A2240D-30FB-4966-8510-614964C4C0AA}"
EndProject
Global
	GlobalSection(SolutionConfigurationPlatforms) = preSolution
		Debug|Any CPU = Debug|Any CPU
		Release|Any CPU = Release|Any CPU
	EndGlobalSection
	GlobalSection(ProjectConfigurationPlatforms) = postSolution
		{B5A2240D-30FB-4966-8510-614964C4C0AA}.Debug|Any CPU.ActiveCfg = Debug|Any CPU
		{B5A2240D-30FB-4966-8510-614964C4C0AA}.Debug|Any CPU.Build.0 = Debug|Any CPU
		{B5A2240D-30FB-4966-8510-614964C4C0AA}.Release|Any CPU.ActiveCfg = Release|Any CPU
		{B5A2240D-30FB-4966-8510-614964C4C0AA}.Release|Any CPU.Build.0 = Release|Any CPU
	EndGlobalSection
	GlobalSection(SolutionProperties) = preSolution
		HideSolutionNode = FALSE
	EndGlobalSection
	GlobalSection(ExtensibilityGlobals) = postSolution
		SolutionGuid = {36265351-85FC-4D9E-B907-7EEB0765E448}
	EndGlobalSection
EndGlobal
